title: Text
fields:
  -
    handle: textblock_title
    field:
      input_type: text
      antlers: false
      display: Titel
      type: text
      icon: text
      listable: hidden
      instructions_position: above
  -
    handle: textblock_content
    field:
      type: replicator
      display: Inhalt
      sets:
        text:
          display: Text
          fields:
            -
              handle: textblock_content_text
              field:
                antlers: false
                display: Text
                type: textarea
                icon: textarea
                listable: hidden
                instructions_position: above
        list:
          display: Liste
          fields:
            -
              handle: textblock_content_list
              field:
                display: Liste
                type: list
                icon: list
                listable: hidden
                instructions_position: above
        table:
          display: Tabelle
          fields:
            -
              handle: textblock_content_table
              field:
                display: Tabelle
                type: table
                icon: table
                listable: hidden
                instructions_position: above
        link:
          display: Link
          fields:
            -
              import: link
              prefix: textblock_content_
      instructions_position: above
      listable: true
      collapse: false
      read_only: false
